
Microsoft Visual Studio Solution File, Format Version 12.00
# Visual Studio Version 17
VisualStudioVersion = 17.1.32421.90
MinimumVisualStudioVersion = 10.0.40219.1
Project("{FAE04EC0-301F-11D3-BF4B-00C04F79EFBC}") = "DataBaseWork", "DataBaseWork\DataBaseWork.csproj", "{9584B0A6-842A-490F-B31F-A51C90336DD8}"
EndProject
Global
	GlobalSection(SolutionConfigurationPlatforms) = preSolution
		Debug|Any CPU = Debug|Any CPU
		Release|Any CPU = Release|Any CPU
	EndGlobalSection
	GlobalSection(ProjectConfigurationPlatforms) = postSolution
		{9584B0A6-842A-490F-B31F-A51C90336DD8}.Debug|Any CPU.ActiveCfg = Debug|Any CPU
		{9584B0A6-842A-490F-B31F-A51C90336DD8}.Debug|Any CPU.Build.0 = Debug|Any CPU
		{9584B0A6-842A-490F-B31F-A51C90336DD8}.Release|Any CPU.ActiveCfg = Release|Any CPU
		{9584B0A6-842A-490F-B31F-A51C90336DD8}.Release|Any CPU.Build.0 = Release|Any CPU
	EndGlobalSection
	GlobalSection(SolutionProperties) = preSolution
		HideSolutionNode = FALSE
	EndGlobalSection
	GlobalSection(ExtensibilityGlobals) = postSolution
		SolutionGuid = {1452763C-F8CF-478A-B399-E0EDE468A1DA}
	EndGlobalSection
EndGlobal
